
Microsoft Visual Studio Solution File, Format Version 12.00
# Visual Studio Version 17
VisualStudioVersion = 17.4.33205.214
MinimumVisualStudioVersion = 10.0.40219.1
Project("{FAE04EC0-301F-11D3-BF4B-00C04F79EFBC}") = "synthetizer", "synthetizer.csproj", "{2B52F28E-D492-47E0-99D8-FCC2AC003E22}"
EndProject
Global
	GlobalSection(SolutionConfigurationPlatforms) = preSolution
		Debug|Any CPU = Debug|Any CPU
		Release|Any CPU = Release|Any CPU
	EndGlobalSection
	GlobalSection(ProjectConfigurationPlatforms) = postSolution
		{2B52F28E-D492-47E0-99D8-FCC2AC003E22}.Debug|Any CPU.ActiveCfg = Debug|Any CPU
		{2B52F28E-D492-47E0-99D8-FCC2AC003E22}.Debug|Any CPU.Build.0 = Debug|Any CPU
		{2B52F28E-D492-47E0-99D8-FCC2AC003E22}.Release|Any CPU.ActiveCfg = Release|Any CPU
		{2B52F28E-D492-47E0-99D8-FCC2AC003E22}.Release|Any CPU.Build.0 = Release|Any CPU
	EndGlobalSection
	GlobalSection(SolutionProperties) = preSolution
		HideSolutionNode = FALSE
	EndGlobalSection
	GlobalSection(ExtensibilityGlobals) = postSolution
		SolutionGuid = {E6DE298D-6E9A-4B58-99E9-486D0C2908BD}
	EndGlobalSection
EndGlobal
